{
  "name": "vc-verifier",
  "lockfileVersion": 2,
  "requires": true,
  "packages": {
    "": {
      "dependencies": {
        "@sd-jwt/crypto-nodejs": "^0.6.1",
        "@sd-jwt/sd-jwt-vc": "^0.6.1",
        "@sd-jwt/types": "^0.6.1"
      }
    },
    "node_modules/@sd-jwt/core": {
      "version": "0.6.1",
      "resolved": "https://registry.npmjs.org/@sd-jwt/core/-/core-0.6.1.tgz",
      "integrity": "sha512-egFTb23o6BGWF93vnjopN02rSiC1HOOnkk9BI8Kao3jz9ipZAHdO6wF7gwfZm5Nlol/Kd1/KSLhbOUPYt++FjA==",
      "dependencies": {
        "@sd-jwt/decode": "0.6.1",
        "@sd-jwt/present": "0.6.1",
        "@sd-jwt/types": "0.6.1",
        "@sd-jwt/utils": "0.6.1"
      },
      "engines": {
        "node": ">=16"
      }
    },
    "node_modules/@sd-jwt/crypto-nodejs": {
      "version": "0.6.1",
      "resolved": "https://registry.npmjs.org/@sd-jwt/crypto-nodejs/-/crypto-nodejs-0.6.1.tgz",
      "integrity": "sha512-dkzZYNPlswCCnn4PfR/+GFeo/tI7QEZv4vqzpAp8/7v62Cpi/VjdyMmW5+SlHg3sTw82eL/B9aFTcFlnbQuvPA==",
      "engines": {
        "node": ">=16"
      }
    },
    "node_modules/@sd-jwt/decode": {
      "version": "0.6.1",
      "resolved": "https://registry.npmjs.org/@sd-jwt/decode/-/decode-0.6.1.tgz",
      "integrity": "sha512-QgTIoYd5zyKKLgXB4xEYJTrvumVwtsj5Dog0v0L9UH9ZvHekDaeexS247X7A4iSdzTvmZzUpGskgABOa4D8NmQ==",
      "dependencies": {
        "@sd-jwt/types": "0.6.1",
        "@sd-jwt/utils": "0.6.1"
      },
      "engines": {
        "node": ">=16"
      }
    },
    "node_modules/@sd-jwt/present": {
      "version": "0.6.1",
      "resolved": "https://registry.npmjs.org/@sd-jwt/present/-/present-0.6.1.tgz",
      "integrity": "sha512-QRD3TUDLj4PqQNZ70bBxh8FLLrOE9mY8V9qiZrJSsaDOLFs2p1CtZG+v9ig62fxFYJZMf4bWKwYjz+qqGAtxCg==",
      "dependencies": {
        "@sd-jwt/decode": "0.6.1",
        "@sd-jwt/types": "0.6.1",
        "@sd-jwt/utils": "0.6.1"
      },
      "engines": {
        "node": ">=16"
      }
    },
    "node_modules/@sd-jwt/sd-jwt-vc": {
      "version": "0.6.1",
      "resolved": "https://registry.npmjs.org/@sd-jwt/sd-jwt-vc/-/sd-jwt-vc-0.6.1.tgz",
      "integrity": "sha512-eF7NAFvedBCx+vrw4TVY3evUz5rAG8/FtB/CUudYEigKcpanLgfuNGhk93D45k+lLDG0b24w+qorqbpLZzHA2g==",
      "dependencies": {
        "@sd-jwt/core": "0.6.1"
      },
      "engines": {
        "node": ">=16"
      }
    },
    "node_modules/@sd-jwt/types": {
      "version": "0.6.1",
      "resolved": "https://registry.npmjs.org/@sd-jwt/types/-/types-0.6.1.tgz",
      "integrity": "sha512-LKpABZJGT77jNhOLvAHIkNNmGqXzyfwBT+6r+DN9zNzMx1CzuNR0qXk1GMUbast9iCfPkGbnEpUv/jHTBvlIvg==",
      "engines": {
        "node": ">=16"
      }
    },
    "node_modules/@sd-jwt/utils": {
      "version": "0.6.1",
      "resolved": "https://registry.npmjs.org/@sd-jwt/utils/-/utils-0.6.1.tgz",
      "integrity": "sha512-1NHZ//+GecGQJb+gSdDicnrHG0DvACUk9jTnXA5yLZhlRjgkjyfJLNsCZesYeCyVp/SiyvIC9B+JwoY4kI0TwQ==",
      "dependencies": {
        "@sd-jwt/types": "0.6.1",
        "js-base64": "^3.7.6"
      },
      "engines": {
        "node": ">=16"
      }
    },
    "node_modules/js-base64": {
      "version": "3.7.7",
      "resolved": "https://registry.npmjs.org/js-base64/-/js-base64-3.7.7.tgz",
      "integrity": "sha512-7rCnleh0z2CkXhH67J8K1Ytz0b2Y+yxTPL+/KOJoa20hfnVQ/3/T6W/KflYI4bRHRagNeXeU2bkNGI3v1oS/lw=="
    }
  },
  "dependencies": {
    "@sd-jwt/core": {
      "version": "0.6.1",
      "resolved": "https://registry.npmjs.org/@sd-jwt/core/-/core-0.6.1.tgz",
      "integrity": "sha512-egFTb23o6BGWF93vnjopN02rSiC1HOOnkk9BI8Kao3jz9ipZAHdO6wF7gwfZm5Nlol/Kd1/KSLhbOUPYt++FjA==",
      "requires": {
        "@sd-jwt/decode": "0.6.1",
        "@sd-jwt/present": "0.6.1",
        "@sd-jwt/types": "0.6.1",
        "@sd-jwt/utils": "0.6.1"
      }
    },
    "@sd-jwt/crypto-nodejs": {
      "version": "0.6.1",
      "resolved": "https://registry.npmjs.org/@sd-jwt/crypto-nodejs/-/crypto-nodejs-0.6.1.tgz",
      "integrity": "sha512-dkzZYNPlswCCnn4PfR/+GFeo/tI7QEZv4vqzpAp8/7v62Cpi/VjdyMmW5+SlHg3sTw82eL/B9aFTcFlnbQuvPA=="
    },
    "@sd-jwt/decode": {
      "version": "0.6.1",
      "resolved": "https://registry.npmjs.org/@sd-jwt/decode/-/decode-0.6.1.tgz",
      "integrity": "sha512-QgTIoYd5zyKKLgXB4xEYJTrvumVwtsj5Dog0v0L9UH9ZvHekDaeexS247X7A4iSdzTvmZzUpGskgABOa4D8NmQ==",
      "requires": {
        "@sd-jwt/types": "0.6.1",
        "@sd-jwt/utils": "0.6.1"
      }
    },
    "@sd-jwt/present": {
      "version": "0.6.1",
      "resolved": "https://registry.npmjs.org/@sd-jwt/present/-/present-0.6.1.tgz",
      "integrity": "sha512-QRD3TUDLj4PqQNZ70bBxh8FLLrOE9mY8V9qiZrJSsaDOLFs2p1CtZG+v9ig62fxFYJZMf4bWKwYjz+qqGAtxCg==",
      "requires": {
        "@sd-jwt/decode": "0.6.1",
        "@sd-jwt/types": "0.6.1",
        "@sd-jwt/utils": "0.6.1"
      }
    },
    "@sd-jwt/sd-jwt-vc": {
      "version": "0.6.1",
      "resolved": "https://registry.npmjs.org/@sd-jwt/sd-jwt-vc/-/sd-jwt-vc-0.6.1.tgz",
      "integrity": "sha512-eF7NAFvedBCx+vrw4TVY3evUz5rAG8/FtB/CUudYEigKcpanLgfuNGhk93D45k+lLDG0b24w+qorqbpLZzHA2g==",
      "requires": {
        "@sd-jwt/core": "0.6.1"
      }
    },
    "@sd-jwt/types": {
      "version": "0.6.1",
      "resolved": "https://registry.npmjs.org/@sd-jwt/types/-/types-0.6.1.tgz",
      "integrity": "sha512-LKpABZJGT77jNhOLvAHIkNNmGqXzyfwBT+6r+DN9zNzMx1CzuNR0qXk1GMUbast9iCfPkGbnEpUv/jHTBvlIvg=="
    },
    "@sd-jwt/utils": {
      "version": "0.6.1",
      "resolved": "https://registry.npmjs.org/@sd-jwt/utils/-/utils-0.6.1.tgz",
      "integrity": "sha512-1NHZ//+GecGQJb+gSdDicnrHG0DvACUk9jTnXA5yLZhlRjgkjyfJLNsCZesYeCyVp/SiyvIC9B+JwoY4kI0TwQ==",
      "requires": {
        "@sd-jwt/types": "0.6.1",
        "js-base64": "^3.7.6"
      }
    },
    "js-base64": {
      "version": "3.7.7",
      "resolved": "https://registry.npmjs.org/js-base64/-/js-base64-3.7.7.tgz",
      "integrity": "sha512-7rCnleh0z2CkXhH67J8K1Ytz0b2Y+yxTPL+/KOJoa20hfnVQ/3/T6W/KflYI4bRHRagNeXeU2bkNGI3v1oS/lw=="
    }
  }
}
